
Microsoft Visual Studio Solution File, Format Version 12.00
# Visual Studio Version 17
VisualStudioVersion = 17.10.35013.160
MinimumVisualStudioVersion = 10.0.40219.1
Project("{FAE04EC0-301F-11D3-BF4B-00C04F79EFBC}") = "Calculaator", "Calculaator.csproj", "{C226F7CD-0E33-40D6-96A9-9C1B8AE95146}"
EndProject
Project("{FAE04EC0-301F-11D3-BF4B-00C04F79EFBC}") = "Learning", "..\Learning\Learning.csproj", "{3196DCBD-12E5-4A54-A9C6-718FC133A0C9}"
EndProject
Project("{FAE04EC0-301F-11D3-BF4B-00C04F79EFBC}") = "Employees", "..\Employees\Employees.csproj", "{88ADD184-DA5C-4EAD-94E9-5962C5FAD3E6}"
EndProject
Project("{2150E333-8FDC-42A3-9474-1A3956D46DE8}") = "NewFolder1", "NewFolder1", "{C31F968D-59E9-4E0C-B123-2BEC1D2FA5C7}"
EndProject
Project("{FAE04EC0-301F-11D3-BF4B-00C04F79EFBC}") = "Learning_Console", "..\Learning_Console\Learning_Console.csproj", "{82C5E665-9774-4E4E-9CD3-52BB2BF40558}"
EndProject
Global
	GlobalSection(SolutionConfigurationPlatforms) = preSolution
		Debug|Any CPU = Debug|Any CPU
		Release|Any CPU = Release|Any CPU
	EndGlobalSection
	GlobalSection(ProjectConfigurationPlatforms) = postSolution
		{C226F7CD-0E33-40D6-96A9-9C1B8AE95146}.Debug|Any CPU.ActiveCfg = Debug|Any CPU
		{C226F7CD-0E33-40D6-96A9-9C1B8AE95146}.Debug|Any CPU.Build.0 = Debug|Any CPU
		{C226F7CD-0E33-40D6-96A9-9C1B8AE95146}.Release|Any CPU.ActiveCfg = Release|Any CPU
		{C226F7CD-0E33-40D6-96A9-9C1B8AE95146}.Release|Any CPU.Build.0 = Release|Any CPU
		{3196DCBD-12E5-4A54-A9C6-718FC133A0C9}.Debug|Any CPU.ActiveCfg = Debug|Any CPU
		{3196DCBD-12E5-4A54-A9C6-718FC133A0C9}.Debug|Any CPU.Build.0 = Debug|Any CPU
		{3196DCBD-12E5-4A54-A9C6-718FC133A0C9}.Release|Any CPU.ActiveCfg = Release|Any CPU
		{3196DCBD-12E5-4A54-A9C6-718FC133A0C9}.Release|Any CPU.Build.0 = Release|Any CPU
		{88ADD184-DA5C-4EAD-94E9-5962C5FAD3E6}.Debug|Any CPU.ActiveCfg = Debug|Any CPU
		{88ADD184-DA5C-4EAD-94E9-5962C5FAD3E6}.Debug|Any CPU.Build.0 = Debug|Any CPU
		{88ADD184-DA5C-4EAD-94E9-5962C5FAD3E6}.Release|Any CPU.ActiveCfg = Release|Any CPU
		{88ADD184-DA5C-4EAD-94E9-5962C5FAD3E6}.Release|Any CPU.Build.0 = Release|Any CPU
		{82C5E665-9774-4E4E-9CD3-52BB2BF40558}.Debug|Any CPU.ActiveCfg = Debug|Any CPU
		{82C5E665-9774-4E4E-9CD3-52BB2BF40558}.Debug|Any CPU.Build.0 = Debug|Any CPU
		{82C5E665-9774-4E4E-9CD3-52BB2BF40558}.Release|Any CPU.ActiveCfg = Release|Any CPU
		{82C5E665-9774-4E4E-9CD3-52BB2BF40558}.Release|Any CPU.Build.0 = Release|Any CPU
	EndGlobalSection
	GlobalSection(SolutionProperties) = preSolution
		HideSolutionNode = FALSE
	EndGlobalSection
	GlobalSection(ExtensibilityGlobals) = postSolution
		SolutionGuid = {895FB445-522A-4595-9843-56E790604736}
	EndGlobalSection
EndGlobal
