
Microsoft Visual Studio Solution File, Format Version 12.00
# Visual Studio Version 17
VisualStudioVersion = 17.10.35013.160
MinimumVisualStudioVersion = 10.0.40219.1
Project("{FAE04EC0-301F-11D3-BF4B-00C04F79EFBC}") = "TimeClockWithSql", "TimeClockWithSql.csproj", "{16BC2350-FFE5-433D-B84A-B914B0699893}"
EndProject
Project("{FAE04EC0-301F-11D3-BF4B-00C04F79EFBC}") = "Practice1 Classes in C#", "..\Practice Classes in C#\Practice1 Classes in C#.csproj", "{D1302B18-64B6-4DB3-A7BB-69503853BC8C}"
EndProject
Global
	GlobalSection(SolutionConfigurationPlatforms) = preSolution
		Debug|Any CPU = Debug|Any CPU
		Release|Any CPU = Release|Any CPU
	EndGlobalSection
	GlobalSection(ProjectConfigurationPlatforms) = postSolution
		{16BC2350-FFE5-433D-B84A-B914B0699893}.Debug|Any CPU.ActiveCfg = Debug|Any CPU
		{16BC2350-FFE5-433D-B84A-B914B0699893}.Debug|Any CPU.Build.0 = Debug|Any CPU
		{16BC2350-FFE5-433D-B84A-B914B0699893}.Release|Any CPU.ActiveCfg = Release|Any CPU
		{16BC2350-FFE5-433D-B84A-B914B0699893}.Release|Any CPU.Build.0 = Release|Any CPU
		{D1302B18-64B6-4DB3-A7BB-69503853BC8C}.Debug|Any CPU.ActiveCfg = Debug|Any CPU
		{D1302B18-64B6-4DB3-A7BB-69503853BC8C}.Debug|Any CPU.Build.0 = Debug|Any CPU
		{D1302B18-64B6-4DB3-A7BB-69503853BC8C}.Release|Any CPU.ActiveCfg = Release|Any CPU
		{D1302B18-64B6-4DB3-A7BB-69503853BC8C}.Release|Any CPU.Build.0 = Release|Any CPU
	EndGlobalSection
	GlobalSection(SolutionProperties) = preSolution
		HideSolutionNode = FALSE
	EndGlobalSection
	GlobalSection(ExtensibilityGlobals) = postSolution
		SolutionGuid = {AEAA96DD-6722-43C1-B63E-A7C9F150EA45}
	EndGlobalSection
EndGlobal
